
Microsoft Visual Studio Solution File, Format Version 12.00
# Visual Studio Version 16
VisualStudioVersion = 16.0.31729.503
MinimumVisualStudioVersion = 10.0.40219.1
Project("{FAE04EC0-301F-11D3-BF4B-00C04F79EFBC}") = "LinqAssignment", "LinqAssignment\LinqAssignment.csproj", "{CD9970EA-C7C0-473E-A35A-5332B37DBCC3}"
EndProject
Global
	GlobalSection(SolutionConfigurationPlatforms) = preSolution
		Debug|Any CPU = Debug|Any CPU
		Release|Any CPU = Release|Any CPU
	EndGlobalSection
	GlobalSection(ProjectConfigurationPlatforms) = postSolution
		{CD9970EA-C7C0-473E-A35A-5332B37DBCC3}.Debug|Any CPU.ActiveCfg = Debug|Any CPU
		{CD9970EA-C7C0-473E-A35A-5332B37DBCC3}.Debug|Any CPU.Build.0 = Debug|Any CPU
		{CD9970EA-C7C0-473E-A35A-5332B37DBCC3}.Release|Any CPU.ActiveCfg = Release|Any CPU
		{CD9970EA-C7C0-473E-A35A-5332B37DBCC3}.Release|Any CPU.Build.0 = Release|Any CPU
	EndGlobalSection
	GlobalSection(SolutionProperties) = preSolution
		HideSolutionNode = FALSE
	EndGlobalSection
	GlobalSection(ExtensibilityGlobals) = postSolution
		SolutionGuid = {68B01CEF-6573-4D02-A05C-9C85D59D0706}
	EndGlobalSection
EndGlobal
